lockfileVersion: '9.0'

settings:
  autoInstallPeers: true
  excludeLinksFromLockfile: false

importers:

  .:
    dependencies:
      '@effect-ak/tg-bot-client':
        specifier: ^0.3.1
        version: 0.3.1
      effect:
        specifier: ^3.12.5
        version: 3.12.5
    devDependencies:
      '@types/node':
        specifier: ^20.11.25
        version: 20.17.6

packages:

  '@effect-ak/tg-bot-client@0.3.1':
    resolution: {integrity: sha512-SEDSVuv2qzFKCgHujAEGvE8/SBg0tjWHp1kDVUsvJMmiOJuCN+UePF1fjHRgc/AjzImBGabPqpfh9R5tU6ZaAQ==, tarball: https://registry.npmjs.org/@effect-ak/tg-bot-client/-/tg-bot-client-0.3.1.tgz}

  '@types/node@20.17.6':
    resolution: {integrity: sha512-VEI7OdvK2wP7XHnsuXbAJnEpEkF6NjSN45QJlL4VGqZSXsnicpesdTWsg9RISeSdYd3yeRj/y3k5KGjUXYnFwQ==, tarball: https://registry.npmjs.org/@types/node/-/node-20.17.6.tgz}

  effect@3.12.5:
    resolution: {integrity: sha512-hP+ev9NTjYcvySbPOOgrYiwCYxiIcjuvtR8WXMoSZEZEshOyQlDwgo1Z56kVezv1rTxz20PEGVqZGlXwxe6Ofw==, tarball: https://registry.npmjs.org/effect/-/effect-3.12.5.tgz}

  fast-check@3.23.1:
    resolution: {integrity: sha512-u/MudsoQEgBUZgR5N1v87vEgybeVYus9VnDVaIkxkkGP2jt54naghQ3PCQHJiogS8U/GavZCUPFfx3Xkp+NaHw==, tarball: https://registry.npmjs.org/fast-check/-/fast-check-3.23.1.tgz}
    engines: {node: '>=8.0.0'}

  pure-rand@6.1.0:
    resolution: {integrity: sha512-bVWawvoZoBYpp6yIoQtQXHZjmz35RSVHnUOTefl8Vcjr8snTPY1wnpSPMWekcFwbxI6gtmT7rSYPFvz71ldiOA==, tarball: https://registry.npmjs.org/pure-rand/-/pure-rand-6.1.0.tgz}

  undici-types@6.19.8:
    resolution: {integrity: sha512-ve2KP6f/JnbPBFyobGHuerC9g1FYGn/F8n1LWTwNxCEzd6IfqTwUQcNXgEtmmQ6DlRrC1hrSrBnCZPokRrDHjw==, tarball: https://registry.npmjs.org/undici-types/-/undici-types-6.19.8.tgz}

snapshots:

  '@effect-ak/tg-bot-client@0.3.1':
    dependencies:
      effect: 3.12.5

  '@types/node@20.17.6':
    dependencies:
      undici-types: 6.19.8

  effect@3.12.5:
    dependencies:
      fast-check: 3.23.1

  fast-check@3.23.1:
    dependencies:
      pure-rand: 6.1.0

  pure-rand@6.1.0: {}

  undici-types@6.19.8: {}
