lockfileVersion: '9.0'

settings:
  autoInstallPeers: true
  excludeLinksFromLockfile: false

importers:

  .:
    devDependencies:
      '@effect-ak/tg-bot-client':
        specifier: file:../effect-ak-org/tg-bot-client/effect-ak-tg-bot-client-0.6.0.tgz
        version: file:../effect-ak-org/tg-bot-client/effect-ak-tg-bot-client-0.6.0.tgz(effect@3.14.18)
      '@types/node':
        specifier: 22.10.7
        version: 22.10.7
      effect:
        specifier: ^3.14.18
        version: 3.14.18

packages:

  '@effect-ak/tg-bot-client@file:../effect-ak-org/tg-bot-client/effect-ak-tg-bot-client-0.6.0.tgz':
    resolution: {integrity: sha512-WcYaJkGg0lyf4///WmSNGablxiAtAiTvlELV0RGPNlwikluKb+tLpuMH0LC7pVBNmUDavaAKmbp68PqdzrkogQ==, tarball: file:../effect-ak-org/tg-bot-client/effect-ak-tg-bot-client-0.6.0.tgz}
    version: 0.6.0
    peerDependencies:
      effect: ^3.12.0

  '@standard-schema/spec@1.0.0':
    resolution: {integrity: sha512-m2bOd0f2RT9k8QJx1JN85cZYyH1RqFBdlwtkSlf4tBDYLCiiZnv1fIIwacK6cqwXavOydf0NPToMQgpKq+dVlA==, tarball: https://registry.npmjs.org/@standard-schema/spec/-/spec-1.0.0.tgz}

  '@types/node@22.10.7':
    resolution: {integrity: sha512-V09KvXxFiutGp6B7XkpaDXlNadZxrzajcY50EuoLIpQ6WWYCSvf19lVIazzfIzQvhUN2HjX12spLojTnhuKlGg==, tarball: https://registry.npmjs.org/@types/node/-/node-22.10.7.tgz}

  effect@3.14.18:
    resolution: {integrity: sha512-hqXZGfps5lQzoVq14X0uajOx5SKiEvDn40lFVGjHs7+SpdnL39xUZo3NZ96Gs8uVz2nFxBYPCfQA0rOaW+5uQA==, tarball: https://registry.npmjs.org/effect/-/effect-3.14.18.tgz}

  fast-check@3.23.2:
    resolution: {integrity: sha512-h5+1OzzfCC3Ef7VbtKdcv7zsstUQwUDlYpUTvjeUsJAssPgLn7QzbboPtL5ro04Mq0rPOsMzl7q5hIbRs2wD1A==, tarball: https://registry.npmjs.org/fast-check/-/fast-check-3.23.2.tgz}
    engines: {node: '>=8.0.0'}

  pure-rand@6.1.0:
    resolution: {integrity: sha512-bVWawvoZoBYpp6yIoQtQXHZjmz35RSVHnUOTefl8Vcjr8snTPY1wnpSPMWekcFwbxI6gtmT7rSYPFvz71ldiOA==, tarball: https://registry.npmjs.org/pure-rand/-/pure-rand-6.1.0.tgz}

  undici-types@6.20.0:
    resolution: {integrity: sha512-Ny6QZ2Nju20vw1SRHe3d9jVu6gJ+4e3+MMpqu7pqE5HT6WsTSlce++GQmK5UXS8mzV8DSYHrQH+Xrf2jVcuKNg==, tarball: https://registry.npmjs.org/undici-types/-/undici-types-6.20.0.tgz}

snapshots:

  '@effect-ak/tg-bot-client@file:../effect-ak-org/tg-bot-client/effect-ak-tg-bot-client-0.6.0.tgz(effect@3.14.18)':
    dependencies:
      effect: 3.14.18

  '@standard-schema/spec@1.0.0': {}

  '@types/node@22.10.7':
    dependencies:
      undici-types: 6.20.0

  effect@3.14.18:
    dependencies:
      '@standard-schema/spec': 1.0.0
      fast-check: 3.23.2

  fast-check@3.23.2:
    dependencies:
      pure-rand: 6.1.0

  pure-rand@6.1.0: {}

  undici-types@6.20.0: {}
